# This file is autogenerated, do not edit; changes may be undone by the next 'dep ensure'.


[[projects]]
  name = "github.com/aws/aws-sdk-go"
  packages = ["aws","aws/arn","aws/awserr","aws/awsutil","aws/client","aws/client/metadata","aws/corehandlers","aws/credentials","aws/credentials/ec2rolecreds","aws/credentials/endpointcreds","aws/credentials/processcreds","aws/credentials/stscreds","aws/csm","aws/defaults","aws/ec2metadata","aws/endpoints","aws/request","aws/session","aws/signer/v4","internal/context","internal/ini","internal/s3err","internal/sdkio","internal/sdkmath","internal/sdkrand","internal/sdkuri","internal/shareddefaults","internal/strings","internal/sync/singleflight","private/checksum","private/protocol","private/protocol/eventstream","private/protocol/eventstream/eventstreamapi","private/protocol/json/jsonutil","private/protocol/query","private/protocol/query/queryutil","private/protocol/rest","private/protocol/restxml","private/protocol/xml/xmlutil","service/s3","service/s3/internal/arn","service/s3/s3iface","service/s3/s3manager","service/sts","service/sts/stsiface"]
  revision = "87b32644b2a184c69116a2f2e2025f014542897a"
  version = "v1.32.9"

[[projects]]
  name = "github.com/esimov/caire"
  packages = ["."]
  revision = "7e4a69d037b8df58393ac1fcbfe003ea3539783e"
  version = "v1.2.5"

[[projects]]
  name = "github.com/esimov/pigo"
  packages = ["core"]
  revision = "5ac5fe6da54cb5327e5c467535957207da2f9e2d"
  version = "v1.4.2"

[[projects]]
  name = "github.com/jmespath/go-jmespath"
  packages = ["."]
  revision = "c2b33e84"

[[projects]]
  branch = "master"
  name = "github.com/nfnt/resize"
  packages = ["."]
  revision = "83c6a9932646f83e3267f353373d47347b6036b2"

[[projects]]
  name = "github.com/pkg/errors"
  packages = ["."]
  revision = "ba968bfe8b2f7e042a574c888954fccecfa385b4"
  version = "v0.8.1"

[[projects]]
  branch = "master"
  name = "golang.org/x/image"
  packages = ["bmp"]
  revision = "c13761719519258ff9c1a8b224f63d6e29b63d27"

[solve-meta]
  analyzer-name = "dep"
  analyzer-version = 1
  inputs-digest = "a0c1398eb63ff624483a146a547404eb872a44149ca4d8ce629e72f6e13e6f57"
  solver-name = "gps-cdcl"
  solver-version = 1
